
Microsoft Visual Studio Solution File, Format Version 12.00
# Visual Studio Version 16
VisualStudioVersion = 16.0.29613.14
MinimumVisualStudioVersion = 10.0.40219.1
Project("{FAE04EC0-301F-11D3-BF4B-00C04F79EFBC}") = "HolonomicPrototype", "HolonomicPrototype\HolonomicPrototype.csproj", "{06F09F7A-0791-495A-B957-E857D626B87D}"
EndProject
Project("{FAE04EC0-301F-11D3-BF4B-00C04F79EFBC}") = "HolonomicPrototype.Tests", "HolonomicPrototype.Tests\HolonomicPrototype.Tests.csproj", "{53A5B605-9A8D-44AA-B126-B2F0DB5557E1}"
EndProject
Global
	GlobalSection(SolutionConfigurationPlatforms) = preSolution
		Debug|Any CPU = Debug|Any CPU
		Release|Any CPU = Release|Any CPU
	EndGlobalSection
	GlobalSection(ProjectConfigurationPlatforms) = postSolution
		{06F09F7A-0791-495A-B957-E857D626B87D}.Debug|Any CPU.ActiveCfg = Debug|Any CPU
		{06F09F7A-0791-495A-B957-E857D626B87D}.Debug|Any CPU.Build.0 = Debug|Any CPU
		{06F09F7A-0791-495A-B957-E857D626B87D}.Release|Any CPU.ActiveCfg = Release|Any CPU
		{06F09F7A-0791-495A-B957-E857D626B87D}.Release|Any CPU.Build.0 = Release|Any CPU
		{53A5B605-9A8D-44AA-B126-B2F0DB5557E1}.Debug|Any CPU.ActiveCfg = Debug|Any CPU
		{53A5B605-9A8D-44AA-B126-B2F0DB5557E1}.Debug|Any CPU.Build.0 = Debug|Any CPU
		{53A5B605-9A8D-44AA-B126-B2F0DB5557E1}.Release|Any CPU.ActiveCfg = Release|Any CPU
		{53A5B605-9A8D-44AA-B126-B2F0DB5557E1}.Release|Any CPU.Build.0 = Release|Any CPU
	EndGlobalSection
	GlobalSection(SolutionProperties) = preSolution
		HideSolutionNode = FALSE
	EndGlobalSection
	GlobalSection(ExtensibilityGlobals) = postSolution
		SolutionGuid = {A2DB8E6E-A6CC-47FA-A400-AACB78B57D81}
	EndGlobalSection
EndGlobal
